{
  "check_results": null,
  "lineage": "97619e49-138e-2323-0905-cc575d036ac8",
  "outputs": {
    "vm_details": {
      "type": [
        "object",
        {
          "access_ip_v4": "string",
          "access_ip_v6": "string",
          "flavor": "string",
          "id": "string",
          "image": "string",
          "name": "string",
          "network": [
            "list",
            [
              "object",
              {
                "access_network": "bool",
                "fixed_ip_v4": "string",
                "fixed_ip_v6": "string",
                "mac": "string",
                "name": "string",
                "port": "string",
                "uuid": "string"
              }
            ]
          ]
        }
      ],
      "value": {
        "access_ip_v4": "192.168.222.50",
        "access_ip_v6": "",
        "flavor": "m1.tiny",
        "id": "e3ca75d3-d43f-4627-8d33-03ba619502f1",
        "image": "cirros",
        "name": "test",
        "network": [
          {
            "access_network": false,
            "fixed_ip_v4": "192.168.222.50",
            "fixed_ip_v6": "",
            "mac": "fa:16:3e:fd:5d:33",
            "name": "test",
            "port": "",
            "uuid": "4554757a-5344-4ece-9895-19c90ab081b9"
          }
        ]
      }
    }
  },
  "resources": [
    {
      "instances": [
        {
          "attributes": {
            "access_ip_v4": "192.168.222.50",
            "access_ip_v6": "",
            "admin_pass": null,
            "all_metadata": {},
            "all_tags": [],
            "availability_zone": "nova",
            "availability_zone_hints": null,
            "block_device": [],
            "config_drive": null,
            "created": "2026-08-29 18:30:56 +0000 UTC",
            "flavor_id": "1",
            "flavor_name": "m1.tiny",
            "force_delete": false,
            "hypervisor_hostname": "hcnvedl2408938",
            "id": "e3ca75d3-d43f-4627-8d33-03ba619502f1",
            "image_id": "3315cdee-e1e1-4af3-aae3-964b95b61360",
            "image_name": "cirros",
            "key_pair": "",
            "metadata": null,
            "name": "test",
            "network": [
              {
                "access_network": false,
                "fixed_ip_v4": "192.168.222.50",
                "fixed_ip_v6": "",
                "mac": "fa:16:3e:fd:5d:33",
                "name": "test",
                "port": "",
                "uuid": "4554757a-5344-4ece-9895-19c90ab081b9"
              }
            ],
            "network_mode": null,
            "personality": [],
            "power_state": "active",
            "region": "microstack",
            "scheduler_hints": [],
            "security_groups": [
              "default"
            ],
            "stop_before_destroy": false,
            "tags": null,
            "timeouts": null,
            "updated": "2026-08-29 18:31:15 +0000 UTC",
            "user_data": null,
            "vendor_options": []
          },
          "identity_schema_version": 0,
          "private": "eyJlMmJmYjczMC1lY2FhLTExZTYtOGY4OC0zNDM2M2JjN2M0YzAiOnsiY3JlYXRlIjoxODAwMDAwMDAwMDAwLCJkZWxldGUiOjE4MDAwMDAwMDAwMDAsInVwZGF0ZSI6MTgwMDAwMDAwMDAwMH19",
          "schema_version": 0,
          "sensitive_attributes": [
            [
              {
                "type": "get_attr",
                "value": "admin_pass"
              }
            ]
          ]
        }
      ],
      "mode": "managed",
      "name": "vm",
      "provider": "provider[\"registry.terraform.io/terraform-provider-openstack/openstack\"]",
      "type": "openstack_compute_instance_v2"
    }
  ],
  "serial": 2,
  "terraform_version": "1.16.0",
  "version": 4
}
